
Microsoft Visual Studio Solution File, Format Version 12.00
# Visual Studio 15
VisualStudioVersion = 15.0.28307.539
MinimumVisualStudioVersion = 10.0.40219.1
Project("{FAE04EC0-301F-11D3-BF4B-00C04F79EFBC}") = "TodoConsole", "TodoConsole\TodoConsole.csproj", "{5507A0A7-063F-4EBF-834E-16E465A23C34}"
EndProject
Project("{FAE04EC0-301F-11D3-BF4B-00C04F79EFBC}") = "Todo.DAL", "Todo.DAL\Todo.DAL.csproj", "{029E68A6-D049-40A7-A793-77BB50334EC9}"
EndProject
Project("{FAE04EC0-301F-11D3-BF4B-00C04F79EFBC}") = "Todo.UI", "Todo.UI\Todo.UI.csproj", "{6E4875DD-BB09-447F-9C17-AAB0F3C3865C}"
EndProject
Project("{FAE04EC0-301F-11D3-BF4B-00C04F79EFBC}") = "Todo.Bot", "Todo.Bot\Todo.Bot.csproj", "{91ABC0A1-1D55-409E-A438-9545DD8C808F}"
EndProject
Global
	GlobalSection(SolutionConfigurationPlatforms) = preSolution
		Debug|Any CPU = Debug|Any CPU
		Release|Any CPU = Release|Any CPU
	EndGlobalSection
	GlobalSection(ProjectConfigurationPlatforms) = postSolution
		{5507A0A7-063F-4EBF-834E-16E465A23C34}.Debug|Any CPU.ActiveCfg = Debug|Any CPU
		{5507A0A7-063F-4EBF-834E-16E465A23C34}.Debug|Any CPU.Build.0 = Debug|Any CPU
		{5507A0A7-063F-4EBF-834E-16E465A23C34}.Release|Any CPU.ActiveCfg = Release|Any CPU
		{5507A0A7-063F-4EBF-834E-16E465A23C34}.Release|Any CPU.Build.0 = Release|Any CPU
		{029E68A6-D049-40A7-A793-77BB50334EC9}.Debug|Any CPU.ActiveCfg = Debug|Any CPU
		{029E68A6-D049-40A7-A793-77BB50334EC9}.Debug|Any CPU.Build.0 = Debug|Any CPU
		{029E68A6-D049-40A7-A793-77BB50334EC9}.Release|Any CPU.ActiveCfg = Release|Any CPU
		{029E68A6-D049-40A7-A793-77BB50334EC9}.Release|Any CPU.Build.0 = Release|Any CPU
		{6E4875DD-BB09-447F-9C17-AAB0F3C3865C}.Debug|Any CPU.ActiveCfg = Debug|Any CPU
		{6E4875DD-BB09-447F-9C17-AAB0F3C3865C}.Debug|Any CPU.Build.0 = Debug|Any CPU
		{6E4875DD-BB09-447F-9C17-AAB0F3C3865C}.Release|Any CPU.ActiveCfg = Release|Any CPU
		{6E4875DD-BB09-447F-9C17-AAB0F3C3865C}.Release|Any CPU.Build.0 = Release|Any CPU
		{91ABC0A1-1D55-409E-A438-9545DD8C808F}.Debug|Any CPU.ActiveCfg = Debug|Any CPU
		{91ABC0A1-1D55-409E-A438-9545DD8C808F}.Debug|Any CPU.Build.0 = Debug|Any CPU
		{91ABC0A1-1D55-409E-A438-9545DD8C808F}.Release|Any CPU.ActiveCfg = Release|Any CPU
		{91ABC0A1-1D55-409E-A438-9545DD8C808F}.Release|Any CPU.Build.0 = Release|Any CPU
	EndGlobalSection
	GlobalSection(SolutionProperties) = preSolution
		HideSolutionNode = FALSE
	EndGlobalSection
	GlobalSection(ExtensibilityGlobals) = postSolution
		SolutionGuid = {731386A5-F0C3-4E32-9284-3D2F558A8FE2}
	EndGlobalSection
EndGlobal
